{
    "name": "@runkit/yuryweiland_oil-gas-neuro",
    "version": "0.0.0-master",
    "dependencies": {
        "ramda": {
            "version": "0.26.0",
            "from": "https://registry.npmjs.org/ramda/-/ramda-0.26.0.tgz"
        },
        "seed-random": {
            "version": "2.2.0",
            "from": "https://registry.npmjs.org/seed-random/-/seed-random-2.2.0.tgz"
        }
    }
}